
Microsoft Visual Studio Solution File, Format Version 12.00
# Visual Studio Version 17
VisualStudioVersion = 17.8.34525.116
MinimumVisualStudioVersion = 10.0.40219.1
Project("{8BC9CEB8-8B4A-11D0-8D11-00A0C91BC942}") = "EvenLowConsoleTest", "EvenLowConsoleTest\EvenLowConsoleTest.vcxproj", "{31AE7751-7280-49D0-90F6-F4273F9B4F15}"
EndProject
Project("{54435603-DBB4-11D2-8724-00A0C9A8B90C}") = "Setup", "Setup\Setup.vdproj", "{DD5635F3-0C99-49DA-8152-0A7658E83BF1}"
EndProject
Global
	GlobalSection(SolutionConfigurationPlatforms) = preSolution
		Debug|x64 = Debug|x64
		Debug|x86 = Debug|x86
		Release|x64 = Release|x64
		Release|x86 = Release|x86
	EndGlobalSection
	GlobalSection(ProjectConfigurationPlatforms) = postSolution
		{31AE7751-7280-49D0-90F6-F4273F9B4F15}.Debug|x64.ActiveCfg = Debug|x64
		{31AE7751-7280-49D0-90F6-F4273F9B4F15}.Debug|x64.Build.0 = Debug|x64
		{31AE7751-7280-49D0-90F6-F4273F9B4F15}.Debug|x86.ActiveCfg = Debug|Win32
		{31AE7751-7280-49D0-90F6-F4273F9B4F15}.Debug|x86.Build.0 = Debug|Win32
		{31AE7751-7280-49D0-90F6-F4273F9B4F15}.Release|x64.ActiveCfg = Release|x64
		{31AE7751-7280-49D0-90F6-F4273F9B4F15}.Release|x64.Build.0 = Release|x64
		{31AE7751-7280-49D0-90F6-F4273F9B4F15}.Release|x86.ActiveCfg = Release|Win32
		{31AE7751-7280-49D0-90F6-F4273F9B4F15}.Release|x86.Build.0 = Release|Win32
		{DD5635F3-0C99-49DA-8152-0A7658E83BF1}.Debug|x64.ActiveCfg = Debug
		{DD5635F3-0C99-49DA-8152-0A7658E83BF1}.Debug|x86.ActiveCfg = Debug
		{DD5635F3-0C99-49DA-8152-0A7658E83BF1}.Release|x64.ActiveCfg = Release
		{DD5635F3-0C99-49DA-8152-0A7658E83BF1}.Release|x64.Build.0 = Release
		{DD5635F3-0C99-49DA-8152-0A7658E83BF1}.Release|x86.ActiveCfg = Release
	EndGlobalSection
	GlobalSection(SolutionProperties) = preSolution
		HideSolutionNode = FALSE
	EndGlobalSection
	GlobalSection(ExtensibilityGlobals) = postSolution
		SolutionGuid = {6FDFC157-3A62-46B7-BD3A-987E49163212}
	EndGlobalSection
EndGlobal
